
Microsoft Visual Studio Solution File, Format Version 12.00
# Visual Studio Version 17
VisualStudioVersion = 17.7.34009.444
MinimumVisualStudioVersion = 10.0.40219.1
Project("{FAE04EC0-301F-11D3-BF4B-00C04F79EFBC}") = "MvcEFApp", "MvcEFApp\MvcEFApp.csproj", "{D6F2ED2D-DEDD-40EF-9E25-A849083BB10E}"
EndProject
Global
	GlobalSection(SolutionConfigurationPlatforms) = preSolution
		Debug|Any CPU = Debug|Any CPU
		Release|Any CPU = Release|Any CPU
	EndGlobalSection
	GlobalSection(ProjectConfigurationPlatforms) = postSolution
		{D6F2ED2D-DEDD-40EF-9E25-A849083BB10E}.Debug|Any CPU.ActiveCfg = Debug|Any CPU
		{D6F2ED2D-DEDD-40EF-9E25-A849083BB10E}.Debug|Any CPU.Build.0 = Debug|Any CPU
		{D6F2ED2D-DEDD-40EF-9E25-A849083BB10E}.Release|Any CPU.ActiveCfg = Release|Any CPU
		{D6F2ED2D-DEDD-40EF-9E25-A849083BB10E}.Release|Any CPU.Build.0 = Release|Any CPU
	EndGlobalSection
	GlobalSection(SolutionProperties) = preSolution
		HideSolutionNode = FALSE
	EndGlobalSection
	GlobalSection(ExtensibilityGlobals) = postSolution
		SolutionGuid = {BDB2319C-E925-421C-B36C-1893C06B6AD7}
	EndGlobalSection
EndGlobal
