
Microsoft Visual Studio Solution File, Format Version 12.00
# Visual Studio Version 17
VisualStudioVersion = 17.7.34009.444
MinimumVisualStudioVersion = 10.0.40219.1
Project("{9A19103F-16F7-4668-BE54-9A1E7A4F7556}") = "SessionApp1", "SessionApp1\SessionApp1.csproj", "{F76283CC-A5D5-41E3-8600-3B0B70953C06}"
EndProject
Global
	GlobalSection(SolutionConfigurationPlatforms) = preSolution
		Debug|Any CPU = Debug|Any CPU
		Release|Any CPU = Release|Any CPU
	EndGlobalSection
	GlobalSection(ProjectConfigurationPlatforms) = postSolution
		{F76283CC-A5D5-41E3-8600-3B0B70953C06}.Debug|Any CPU.ActiveCfg = Debug|Any CPU
		{F76283CC-A5D5-41E3-8600-3B0B70953C06}.Debug|Any CPU.Build.0 = Debug|Any CPU
		{F76283CC-A5D5-41E3-8600-3B0B70953C06}.Release|Any CPU.ActiveCfg = Release|Any CPU
		{F76283CC-A5D5-41E3-8600-3B0B70953C06}.Release|Any CPU.Build.0 = Release|Any CPU
	EndGlobalSection
	GlobalSection(SolutionProperties) = preSolution
		HideSolutionNode = FALSE
	EndGlobalSection
	GlobalSection(ExtensibilityGlobals) = postSolution
		SolutionGuid = {AEF2F3A0-CB01-4603-B0D0-670D1D27FE2C}
	EndGlobalSection
EndGlobal
