
Microsoft Visual Studio Solution File, Format Version 12.00
# Visual Studio Version 17
VisualStudioVersion = 17.7.34009.444
MinimumVisualStudioVersion = 10.0.40219.1
Project("{FAE04EC0-301F-11D3-BF4B-00C04F79EFBC}") = "NWindApplication", "NWindApplication\NWindApplication.csproj", "{C3802E2E-B110-43ED-B1E6-D4E084A411D4}"
EndProject
Global
	GlobalSection(SolutionConfigurationPlatforms) = preSolution
		Debug|Any CPU = Debug|Any CPU
		Release|Any CPU = Release|Any CPU
	EndGlobalSection
	GlobalSection(ProjectConfigurationPlatforms) = postSolution
		{C3802E2E-B110-43ED-B1E6-D4E084A411D4}.Debug|Any CPU.ActiveCfg = Debug|Any CPU
		{C3802E2E-B110-43ED-B1E6-D4E084A411D4}.Debug|Any CPU.Build.0 = Debug|Any CPU
		{C3802E2E-B110-43ED-B1E6-D4E084A411D4}.Release|Any CPU.ActiveCfg = Release|Any CPU
		{C3802E2E-B110-43ED-B1E6-D4E084A411D4}.Release|Any CPU.Build.0 = Release|Any CPU
	EndGlobalSection
	GlobalSection(SolutionProperties) = preSolution
		HideSolutionNode = FALSE
	EndGlobalSection
	GlobalSection(ExtensibilityGlobals) = postSolution
		SolutionGuid = {1BD2E155-48DB-4995-857B-1B6DB6D70131}
	EndGlobalSection
EndGlobal
